
Microsoft Visual Studio Solution File, Format Version 12.00
# Visual Studio 15
VisualStudioVersion = 15.0.28307.329
MinimumVisualStudioVersion = 10.0.40219.1
Project("{FAE04EC0-301F-11D3-BF4B-00C04F79EFBC}") = "RoshniShah_calculator", "RoshniShah_calculator\RoshniShah_calculator.csproj", "{1CD7C27D-D2E0-4E24-834B-A256136D1B85}"
EndProject
Global
	GlobalSection(SolutionConfigurationPlatforms) = preSolution
		Debug|Any CPU = Debug|Any CPU
		Release|Any CPU = Release|Any CPU
	EndGlobalSection
	GlobalSection(ProjectConfigurationPlatforms) = postSolution
		{1CD7C27D-D2E0-4E24-834B-A256136D1B85}.Debug|Any CPU.ActiveCfg = Debug|Any CPU
		{1CD7C27D-D2E0-4E24-834B-A256136D1B85}.Debug|Any CPU.Build.0 = Debug|Any CPU
		{1CD7C27D-D2E0-4E24-834B-A256136D1B85}.Release|Any CPU.ActiveCfg = Release|Any CPU
		{1CD7C27D-D2E0-4E24-834B-A256136D1B85}.Release|Any CPU.Build.0 = Release|Any CPU
	EndGlobalSection
	GlobalSection(SolutionProperties) = preSolution
		HideSolutionNode = FALSE
	EndGlobalSection
	GlobalSection(ExtensibilityGlobals) = postSolution
		SolutionGuid = {D7D107E0-32AC-41CA-816D-3DF259CD8692}
	EndGlobalSection
EndGlobal
